
Microsoft Visual Studio Solution File, Format Version 12.00
# Visual Studio Version 16
VisualStudioVersion = 16.0.35229.62
MinimumVisualStudioVersion = 10.0.40219.1
Project("{FAE04EC0-301F-11D3-BF4B-00C04F79EFBC}") = "Biblioteca2022", "Biblioteca2022.csproj", "{0484AA00-E33D-43D5-98B3-A27F8BE07763}"
EndProject
Global
	GlobalSection(SolutionConfigurationPlatforms) = preSolution
		Debug|Any CPU = Debug|Any CPU
		Release|Any CPU = Release|Any CPU
	EndGlobalSection
	GlobalSection(ProjectConfigurationPlatforms) = postSolution
		{0484AA00-E33D-43D5-98B3-A27F8BE07763}.Debug|Any CPU.ActiveCfg = Debug|Any CPU
		{0484AA00-E33D-43D5-98B3-A27F8BE07763}.Debug|Any CPU.Build.0 = Debug|Any CPU
		{0484AA00-E33D-43D5-98B3-A27F8BE07763}.Release|Any CPU.ActiveCfg = Release|Any CPU
		{0484AA00-E33D-43D5-98B3-A27F8BE07763}.Release|Any CPU.Build.0 = Release|Any CPU
	EndGlobalSection
	GlobalSection(SolutionProperties) = preSolution
		HideSolutionNode = FALSE
	EndGlobalSection
	GlobalSection(ExtensibilityGlobals) = postSolution
		SolutionGuid = {DFCD6DC6-DADF-4195-8413-B8D55F877119}
	EndGlobalSection
EndGlobal
