
Microsoft Visual Studio Solution File, Format Version 12.00
# Visual Studio Version 16
VisualStudioVersion = 16.0.35229.62
MinimumVisualStudioVersion = 10.0.40219.1
Project("{FAE04EC0-301F-11D3-BF4B-00C04F79EFBC}") = "FormulariosHeredados", "FormulariosHeredados.csproj", "{EA988683-F410-41AD-AE83-BAD18A11307B}"
EndProject
Global
	GlobalSection(SolutionConfigurationPlatforms) = preSolution
		Debug|Any CPU = Debug|Any CPU
		Release|Any CPU = Release|Any CPU
	EndGlobalSection
	GlobalSection(ProjectConfigurationPlatforms) = postSolution
		{EA988683-F410-41AD-AE83-BAD18A11307B}.Debug|Any CPU.ActiveCfg = Debug|Any CPU
		{EA988683-F410-41AD-AE83-BAD18A11307B}.Debug|Any CPU.Build.0 = Debug|Any CPU
		{EA988683-F410-41AD-AE83-BAD18A11307B}.Release|Any CPU.ActiveCfg = Release|Any CPU
		{EA988683-F410-41AD-AE83-BAD18A11307B}.Release|Any CPU.Build.0 = Release|Any CPU
	EndGlobalSection
	GlobalSection(SolutionProperties) = preSolution
		HideSolutionNode = FALSE
	EndGlobalSection
	GlobalSection(ExtensibilityGlobals) = postSolution
		SolutionGuid = {0BC9A052-56B3-41DA-8BF0-98D8F2250DA4}
	EndGlobalSection
EndGlobal
