
Microsoft Visual Studio Solution File, Format Version 12.00
# Visual Studio Version 16
VisualStudioVersion = 16.0.35229.62
MinimumVisualStudioVersion = 10.0.40219.1
Project("{FAE04EC0-301F-11D3-BF4B-00C04F79EFBC}") = "AA_Conectado_GestionHoteles", "AA_Conectado_GestionHoteles.csproj", "{613E13C4-0122-4E0F-A517-D08A12848D2F}"
EndProject
Global
	GlobalSection(SolutionConfigurationPlatforms) = preSolution
		Debug|Any CPU = Debug|Any CPU
		Release|Any CPU = Release|Any CPU
	EndGlobalSection
	GlobalSection(ProjectConfigurationPlatforms) = postSolution
		{613E13C4-0122-4E0F-A517-D08A12848D2F}.Debug|Any CPU.ActiveCfg = Debug|Any CPU
		{613E13C4-0122-4E0F-A517-D08A12848D2F}.Debug|Any CPU.Build.0 = Debug|Any CPU
		{613E13C4-0122-4E0F-A517-D08A12848D2F}.Release|Any CPU.ActiveCfg = Release|Any CPU
		{613E13C4-0122-4E0F-A517-D08A12848D2F}.Release|Any CPU.Build.0 = Release|Any CPU
	EndGlobalSection
	GlobalSection(SolutionProperties) = preSolution
		HideSolutionNode = FALSE
	EndGlobalSection
	GlobalSection(ExtensibilityGlobals) = postSolution
		SolutionGuid = {67099D3A-6299-4A8E-8FAC-887380D9327D}
	EndGlobalSection
EndGlobal
